
Microsoft Visual Studio Solution File, Format Version 12.00
# Visual Studio Version 17
VisualStudioVersion = 17.0.31903.59
MinimumVisualStudioVersion = 10.0.40219.1
Project("{FAE04EC0-301F-11D3-BF4B-00C04F79EFBC}") = "XmppSharp", "XmppSharp\XmppSharp.csproj", "{35185376-FD6C-491F-9CB9-02B70508EA49}"
EndProject
Project("{FAE04EC0-301F-11D3-BF4B-00C04F79EFBC}") = "XmppSharp.Test", "XmppSharp.Test\XmppSharp.Test.csproj", "{2097B849-7974-4E17-AD3C-C3237E7E2B02}"
EndProject
Project("{2150E333-8FDC-42A3-9474-1A3956D46DE8}") = "Samples", "Samples", "{1AB3B21B-C9BF-4C82-87CC-536DBB2E81F4}"
EndProject
Project("{FAE04EC0-301F-11D3-BF4B-00C04F79EFBC}") = "SimpleServer", "Samples\SimpleServer\SimpleServer.csproj", "{21428C8E-6A14-44C9-B1E2-8F8937B126D4}"
EndProject
Project("{2150E333-8FDC-42A3-9474-1A3956D46DE8}") = "Solution Items", "Solution Items", "{02EA681E-C7D8-13C7-8484-4AC65E1B71E8}"
	ProjectSection(SolutionItems) = preProject
		.editorconfig = .editorconfig
		LICENSE = LICENSE
		README.md = README.md
	EndProjectSection
EndProject
Project("{FAE04EC0-301F-11D3-BF4B-00C04F79EFBC}") = "Bot1", "Samples\Bot1\Bot1.csproj", "{53A8A95D-8F3A-43D9-87A3-EB46A8F292D4}"
EndProject
Global
	GlobalSection(SolutionConfigurationPlatforms) = preSolution
		Debug|Any CPU = Debug|Any CPU
		Debug|x64 = Debug|x64
		Debug|x86 = Debug|x86
		Release|Any CPU = Release|Any CPU
		Release|x64 = Release|x64
		Release|x86 = Release|x86
	EndGlobalSection
	GlobalSection(ProjectConfigurationPlatforms) = postSolution
		{35185376-FD6C-491F-9CB9-02B70508EA49}.Debug|Any CPU.ActiveCfg = Debug|Any CPU
		{35185376-FD6C-491F-9CB9-02B70508EA49}.Debug|Any CPU.Build.0 = Debug|Any CPU
		{35185376-FD6C-491F-9CB9-02B70508EA49}.Debug|x64.ActiveCfg = Debug|Any CPU
		{35185376-FD6C-491F-9CB9-02B70508EA49}.Debug|x64.Build.0 = Debug|Any CPU
		{35185376-FD6C-491F-9CB9-02B70508EA49}.Debug|x86.ActiveCfg = Debug|Any CPU
		{35185376-FD6C-491F-9CB9-02B70508EA49}.Debug|x86.Build.0 = Debug|Any CPU
		{35185376-FD6C-491F-9CB9-02B70508EA49}.Release|Any CPU.ActiveCfg = Release|Any CPU
		{35185376-FD6C-491F-9CB9-02B70508EA49}.Release|Any CPU.Build.0 = Release|Any CPU
		{35185376-FD6C-491F-9CB9-02B70508EA49}.Release|x64.ActiveCfg = Release|Any CPU
		{35185376-FD6C-491F-9CB9-02B70508EA49}.Release|x64.Build.0 = Release|Any CPU
		{35185376-FD6C-491F-9CB9-02B70508EA49}.Release|x86.ActiveCfg = Release|Any CPU
		{35185376-FD6C-491F-9CB9-02B70508EA49}.Release|x86.Build.0 = Release|Any CPU
		{2097B849-7974-4E17-AD3C-C3237E7E2B02}.Debug|Any CPU.ActiveCfg = Debug|Any CPU
		{2097B849-7974-4E17-AD3C-C3237E7E2B02}.Debug|Any CPU.Build.0 = Debug|Any CPU
		{2097B849-7974-4E17-AD3C-C3237E7E2B02}.Debug|x64.ActiveCfg = Debug|Any CPU
		{2097B849-7974-4E17-AD3C-C3237E7E2B02}.Debug|x64.Build.0 = Debug|Any CPU
		{2097B849-7974-4E17-AD3C-C3237E7E2B02}.Debug|x86.ActiveCfg = Debug|Any CPU
		{2097B849-7974-4E17-AD3C-C3237E7E2B02}.Debug|x86.Build.0 = Debug|Any CPU
		{2097B849-7974-4E17-AD3C-C3237E7E2B02}.Release|Any CPU.ActiveCfg = Release|Any CPU
		{2097B849-7974-4E17-AD3C-C3237E7E2B02}.Release|Any CPU.Build.0 = Release|Any CPU
		{2097B849-7974-4E17-AD3C-C3237E7E2B02}.Release|x64.ActiveCfg = Release|Any CPU
		{2097B849-7974-4E17-AD3C-C3237E7E2B02}.Release|x64.Build.0 = Release|Any CPU
		{2097B849-7974-4E17-AD3C-C3237E7E2B02}.Release|x86.ActiveCfg = Release|Any CPU
		{2097B849-7974-4E17-AD3C-C3237E7E2B02}.Release|x86.Build.0 = Release|Any CPU
		{21428C8E-6A14-44C9-B1E2-8F8937B126D4}.Debug|Any CPU.ActiveCfg = Debug|Any CPU
		{21428C8E-6A14-44C9-B1E2-8F8937B126D4}.Debug|Any CPU.Build.0 = Debug|Any CPU
		{21428C8E-6A14-44C9-B1E2-8F8937B126D4}.Debug|x64.ActiveCfg = Debug|Any CPU
		{21428C8E-6A14-44C9-B1E2-8F8937B126D4}.Debug|x64.Build.0 = Debug|Any CPU
		{21428C8E-6A14-44C9-B1E2-8F8937B126D4}.Debug|x86.ActiveCfg = Debug|Any CPU
		{21428C8E-6A14-44C9-B1E2-8F8937B126D4}.Debug|x86.Build.0 = Debug|Any CPU
		{21428C8E-6A14-44C9-B1E2-8F8937B126D4}.Release|Any CPU.ActiveCfg = Release|Any CPU
		{21428C8E-6A14-44C9-B1E2-8F8937B126D4}.Release|Any CPU.Build.0 = Release|Any CPU
		{21428C8E-6A14-44C9-B1E2-8F8937B126D4}.Release|x64.ActiveCfg = Release|Any CPU
		{21428C8E-6A14-44C9-B1E2-8F8937B126D4}.Release|x64.Build.0 = Release|Any CPU
		{21428C8E-6A14-44C9-B1E2-8F8937B126D4}.Release|x86.ActiveCfg = Release|Any CPU
		{21428C8E-6A14-44C9-B1E2-8F8937B126D4}.Release|x86.Build.0 = Release|Any CPU
		{53A8A95D-8F3A-43D9-87A3-EB46A8F292D4}.Debug|Any CPU.ActiveCfg = Debug|Any CPU
		{53A8A95D-8F3A-43D9-87A3-EB46A8F292D4}.Debug|Any CPU.Build.0 = Debug|Any CPU
		{53A8A95D-8F3A-43D9-87A3-EB46A8F292D4}.Debug|x64.ActiveCfg = Debug|Any CPU
		{53A8A95D-8F3A-43D9-87A3-EB46A8F292D4}.Debug|x64.Build.0 = Debug|Any CPU
		{53A8A95D-8F3A-43D9-87A3-EB46A8F292D4}.Debug|x86.ActiveCfg = Debug|Any CPU
		{53A8A95D-8F3A-43D9-87A3-EB46A8F292D4}.Debug|x86.Build.0 = Debug|Any CPU
		{53A8A95D-8F3A-43D9-87A3-EB46A8F292D4}.Release|Any CPU.ActiveCfg = Release|Any CPU
		{53A8A95D-8F3A-43D9-87A3-EB46A8F292D4}.Release|Any CPU.Build.0 = Release|Any CPU
		{53A8A95D-8F3A-43D9-87A3-EB46A8F292D4}.Release|x64.ActiveCfg = Release|Any CPU
		{53A8A95D-8F3A-43D9-87A3-EB46A8F292D4}.Release|x64.Build.0 = Release|Any CPU
		{53A8A95D-8F3A-43D9-87A3-EB46A8F292D4}.Release|x86.ActiveCfg = Release|Any CPU
		{53A8A95D-8F3A-43D9-87A3-EB46A8F292D4}.Release|x86.Build.0 = Release|Any CPU
	EndGlobalSection
	GlobalSection(SolutionProperties) = preSolution
		HideSolutionNode = FALSE
	EndGlobalSection
	GlobalSection(NestedProjects) = preSolution
		{21428C8E-6A14-44C9-B1E2-8F8937B126D4} = {1AB3B21B-C9BF-4C82-87CC-536DBB2E81F4}
		{53A8A95D-8F3A-43D9-87A3-EB46A8F292D4} = {1AB3B21B-C9BF-4C82-87CC-536DBB2E81F4}
	EndGlobalSection
	GlobalSection(ExtensibilityGlobals) = postSolution
		SolutionGuid = {D3A7843F-5A53-4FFB-B341-7AFF34BDFFAC}
	EndGlobalSection
EndGlobal
